
Microsoft Visual Studio Solution File, Format Version 12.00
# Visual Studio Version 16
VisualStudioVersion = 16.0.30114.105
MinimumVisualStudioVersion = 10.0.40219.1
Project("{2150E333-8FDC-42A3-9474-1A3956D46DE8}") = "Services", "Services", "{026FBF2F-3044-487F-9355-1B2D4E1043A9}"
EndProject
Project("{2150E333-8FDC-42A3-9474-1A3956D46DE8}") = "Catalog", "Catalog", "{C05BED86-97F0-4A13-B712-ECB9039CF017}"
EndProject
Project("{FAE04EC0-301F-11D3-BF4B-00C04F79EFBC}") = "Catalog.API", "Services\Catalog\Catalog.API\Catalog.API.csproj", "{D0F75CF1-0294-4F84-8DEC-A894185EFFE6}"
EndProject
Project("{2150E333-8FDC-42A3-9474-1A3956D46DE8}") = "Basket", "Basket", "{7705AAB3-5CEA-407B-92AC-A1A695D45E4D}"
EndProject
Project("{FAE04EC0-301F-11D3-BF4B-00C04F79EFBC}") = "Basket.API", "Services\Basket\Basket.API\Basket.API.csproj", "{ABF8C894-66E6-4F3B-AC1D-EEAF32107D1D}"
EndProject
Global
	GlobalSection(SolutionConfigurationPlatforms) = preSolution
		Debug|Any CPU = Debug|Any CPU
		Release|Any CPU = Release|Any CPU
	EndGlobalSection
	GlobalSection(SolutionProperties) = preSolution
		HideSolutionNode = FALSE
	EndGlobalSection
	GlobalSection(ProjectConfigurationPlatforms) = postSolution
		{D0F75CF1-0294-4F84-8DEC-A894185EFFE6}.Debug|Any CPU.ActiveCfg = Debug|Any CPU
		{D0F75CF1-0294-4F84-8DEC-A894185EFFE6}.Debug|Any CPU.Build.0 = Debug|Any CPU
		{D0F75CF1-0294-4F84-8DEC-A894185EFFE6}.Release|Any CPU.ActiveCfg = Release|Any CPU
		{D0F75CF1-0294-4F84-8DEC-A894185EFFE6}.Release|Any CPU.Build.0 = Release|Any CPU
		{ABF8C894-66E6-4F3B-AC1D-EEAF32107D1D}.Debug|Any CPU.ActiveCfg = Debug|Any CPU
		{ABF8C894-66E6-4F3B-AC1D-EEAF32107D1D}.Debug|Any CPU.Build.0 = Debug|Any CPU
		{ABF8C894-66E6-4F3B-AC1D-EEAF32107D1D}.Release|Any CPU.ActiveCfg = Release|Any CPU
		{ABF8C894-66E6-4F3B-AC1D-EEAF32107D1D}.Release|Any CPU.Build.0 = Release|Any CPU
	EndGlobalSection
	GlobalSection(NestedProjects) = preSolution
		{C05BED86-97F0-4A13-B712-ECB9039CF017} = {026FBF2F-3044-487F-9355-1B2D4E1043A9}
		{D0F75CF1-0294-4F84-8DEC-A894185EFFE6} = {C05BED86-97F0-4A13-B712-ECB9039CF017}
		{7705AAB3-5CEA-407B-92AC-A1A695D45E4D} = {026FBF2F-3044-487F-9355-1B2D4E1043A9}
		{ABF8C894-66E6-4F3B-AC1D-EEAF32107D1D} = {7705AAB3-5CEA-407B-92AC-A1A695D45E4D}
	EndGlobalSection
EndGlobal
