
Microsoft Visual Studio Solution File, Format Version 12.00
# Visual Studio Version 16
VisualStudioVersion = 16.0.30114.105
MinimumVisualStudioVersion = 10.0.40219.1
Project("{2150E333-8FDC-42A3-9474-1A3956D46DE8}") = "Services", "Services", "{026FBF2F-3044-487F-9355-1B2D4E1043A9}"
EndProject
Project("{2150E333-8FDC-42A3-9474-1A3956D46DE8}") = "Catalog", "Catalog", "{C05BED86-97F0-4A13-B712-ECB9039CF017}"
EndProject
Project("{FAE04EC0-301F-11D3-BF4B-00C04F79EFBC}") = "Catalog.API", "Services\Catalog\Catalog.API\Catalog.API.csproj", "{D0F75CF1-0294-4F84-8DEC-A894185EFFE6}"
EndProject
Project("{2150E333-8FDC-42A3-9474-1A3956D46DE8}") = "Basket", "Basket", "{7705AAB3-5CEA-407B-92AC-A1A695D45E4D}"
EndProject
Project("{FAE04EC0-301F-11D3-BF4B-00C04F79EFBC}") = "Basket.API", "Services\Basket\Basket.API\Basket.API.csproj", "{ABF8C894-66E6-4F3B-AC1D-EEAF32107D1D}"
EndProject
Project("{2150E333-8FDC-42A3-9474-1A3956D46DE8}") = "Discount", "Discount", "{EA988953-625A-48E2-B20C-7043437092E1}"
EndProject
Project("{FAE04EC0-301F-11D3-BF4B-00C04F79EFBC}") = "Discount.API", "Services\Discount\Discount.API\Discount.API.csproj", "{AEDEFDA3-C33A-4DD9-8A25-9A060B259AA5}"
EndProject
Project("{FAE04EC0-301F-11D3-BF4B-00C04F79EFBC}") = "Discount.Grpc", "Services\Discount\Discount.Grpc\Discount.Grpc.csproj", "{BFCAB6EE-459A-4D64-9D61-18DB330F2188}"
EndProject
Project("{2150E333-8FDC-42A3-9474-1A3956D46DE8}") = "Ordering", "Ordering", "{9DCBB4C1-6139-422A-9D87-4767D5C33B54}"
EndProject
Project("{FAE04EC0-301F-11D3-BF4B-00C04F79EFBC}") = "Ordering.API", "Services\Ordering\Ordering.API\Ordering.API.csproj", "{18A32531-C83C-40D1-92C3-386704D4363B}"
EndProject
Project("{FAE04EC0-301F-11D3-BF4B-00C04F79EFBC}") = "Ordering.Application", "Services\Ordering\Ordering.Application\Ordering.Application.csproj", "{E2A654DC-2E54-464C-B898-2296BE1B5B9D}"
EndProject
Project("{FAE04EC0-301F-11D3-BF4B-00C04F79EFBC}") = "Ordering.Domain", "Services\Ordering\Ordering.Domain\Ordering.Domain.csproj", "{C5F995B2-B632-4DFF-B3ED-9E19BF125416}"
EndProject
Project("{FAE04EC0-301F-11D3-BF4B-00C04F79EFBC}") = "Ordering.Infrastructure", "Services\Ordering\Ordering.Infrastructure\Ordering.Infrastructure.csproj", "{25BFE8B7-0053-46FA-B157-9D8303E8215A}"
EndProject
Project("{2150E333-8FDC-42A3-9474-1A3956D46DE8}") = "BuildingBlocks", "BuildingBlocks", "{353129A5-FDAC-4996-968D-2239DFA1759A}"
EndProject
Project("{FAE04EC0-301F-11D3-BF4B-00C04F79EFBC}") = "EventBus.Messages", "BuildingBlocks\EventBus.Messages\EventBus.Messages.csproj", "{3C076FE0-6441-4741-B610-B0DF007763C6}"
EndProject
Project("{2150E333-8FDC-42A3-9474-1A3956D46DE8}") = "ApiGateways", "ApiGateways", "{6AC0B044-150D-4CA2-BA65-A8EA86810847}"
EndProject
Project("{FAE04EC0-301F-11D3-BF4B-00C04F79EFBC}") = "OcelotApiGw", "ApiGateways\OcelotApiGw\OcelotApiGw.csproj", "{805A4A3B-50A2-46BF-B29C-774EB9F63803}"
EndProject
Project("{2150E333-8FDC-42A3-9474-1A3956D46DE8}") = "WebApps", "WebApps", "{D10E2C13-E5B2-4BFF-8A10-8A1374797677}"
EndProject
Project("{FAE04EC0-301F-11D3-BF4B-00C04F79EFBC}") = "AspnetRunBasics", "WebApps\AspnetRunBasics\AspnetRunBasics.csproj", "{A9EAB020-30C3-4C36-BEB5-8E835B4950CD}"
EndProject
Global
	GlobalSection(SolutionConfigurationPlatforms) = preSolution
		Debug|Any CPU = Debug|Any CPU
		Release|Any CPU = Release|Any CPU
	EndGlobalSection
	GlobalSection(SolutionProperties) = preSolution
		HideSolutionNode = FALSE
	EndGlobalSection
	GlobalSection(ProjectConfigurationPlatforms) = postSolution
		{D0F75CF1-0294-4F84-8DEC-A894185EFFE6}.Debug|Any CPU.ActiveCfg = Debug|Any CPU
		{D0F75CF1-0294-4F84-8DEC-A894185EFFE6}.Debug|Any CPU.Build.0 = Debug|Any CPU
		{D0F75CF1-0294-4F84-8DEC-A894185EFFE6}.Release|Any CPU.ActiveCfg = Release|Any CPU
		{D0F75CF1-0294-4F84-8DEC-A894185EFFE6}.Release|Any CPU.Build.0 = Release|Any CPU
		{ABF8C894-66E6-4F3B-AC1D-EEAF32107D1D}.Debug|Any CPU.ActiveCfg = Debug|Any CPU
		{ABF8C894-66E6-4F3B-AC1D-EEAF32107D1D}.Debug|Any CPU.Build.0 = Debug|Any CPU
		{ABF8C894-66E6-4F3B-AC1D-EEAF32107D1D}.Release|Any CPU.ActiveCfg = Release|Any CPU
		{ABF8C894-66E6-4F3B-AC1D-EEAF32107D1D}.Release|Any CPU.Build.0 = Release|Any CPU
		{AEDEFDA3-C33A-4DD9-8A25-9A060B259AA5}.Debug|Any CPU.ActiveCfg = Debug|Any CPU
		{AEDEFDA3-C33A-4DD9-8A25-9A060B259AA5}.Debug|Any CPU.Build.0 = Debug|Any CPU
		{AEDEFDA3-C33A-4DD9-8A25-9A060B259AA5}.Release|Any CPU.ActiveCfg = Release|Any CPU
		{AEDEFDA3-C33A-4DD9-8A25-9A060B259AA5}.Release|Any CPU.Build.0 = Release|Any CPU
		{BFCAB6EE-459A-4D64-9D61-18DB330F2188}.Debug|Any CPU.ActiveCfg = Debug|Any CPU
		{BFCAB6EE-459A-4D64-9D61-18DB330F2188}.Debug|Any CPU.Build.0 = Debug|Any CPU
		{BFCAB6EE-459A-4D64-9D61-18DB330F2188}.Release|Any CPU.ActiveCfg = Release|Any CPU
		{BFCAB6EE-459A-4D64-9D61-18DB330F2188}.Release|Any CPU.Build.0 = Release|Any CPU
		{18A32531-C83C-40D1-92C3-386704D4363B}.Debug|Any CPU.ActiveCfg = Debug|Any CPU
		{18A32531-C83C-40D1-92C3-386704D4363B}.Debug|Any CPU.Build.0 = Debug|Any CPU
		{18A32531-C83C-40D1-92C3-386704D4363B}.Release|Any CPU.ActiveCfg = Release|Any CPU
		{18A32531-C83C-40D1-92C3-386704D4363B}.Release|Any CPU.Build.0 = Release|Any CPU
		{E2A654DC-2E54-464C-B898-2296BE1B5B9D}.Debug|Any CPU.ActiveCfg = Debug|Any CPU
		{E2A654DC-2E54-464C-B898-2296BE1B5B9D}.Debug|Any CPU.Build.0 = Debug|Any CPU
		{E2A654DC-2E54-464C-B898-2296BE1B5B9D}.Release|Any CPU.ActiveCfg = Release|Any CPU
		{E2A654DC-2E54-464C-B898-2296BE1B5B9D}.Release|Any CPU.Build.0 = Release|Any CPU
		{C5F995B2-B632-4DFF-B3ED-9E19BF125416}.Debug|Any CPU.ActiveCfg = Debug|Any CPU
		{C5F995B2-B632-4DFF-B3ED-9E19BF125416}.Debug|Any CPU.Build.0 = Debug|Any CPU
		{C5F995B2-B632-4DFF-B3ED-9E19BF125416}.Release|Any CPU.ActiveCfg = Release|Any CPU
		{C5F995B2-B632-4DFF-B3ED-9E19BF125416}.Release|Any CPU.Build.0 = Release|Any CPU
		{25BFE8B7-0053-46FA-B157-9D8303E8215A}.Debug|Any CPU.ActiveCfg = Debug|Any CPU
		{25BFE8B7-0053-46FA-B157-9D8303E8215A}.Debug|Any CPU.Build.0 = Debug|Any CPU
		{25BFE8B7-0053-46FA-B157-9D8303E8215A}.Release|Any CPU.ActiveCfg = Release|Any CPU
		{25BFE8B7-0053-46FA-B157-9D8303E8215A}.Release|Any CPU.Build.0 = Release|Any CPU
		{3C076FE0-6441-4741-B610-B0DF007763C6}.Debug|Any CPU.ActiveCfg = Debug|Any CPU
		{3C076FE0-6441-4741-B610-B0DF007763C6}.Debug|Any CPU.Build.0 = Debug|Any CPU
		{3C076FE0-6441-4741-B610-B0DF007763C6}.Release|Any CPU.ActiveCfg = Release|Any CPU
		{3C076FE0-6441-4741-B610-B0DF007763C6}.Release|Any CPU.Build.0 = Release|Any CPU
		{805A4A3B-50A2-46BF-B29C-774EB9F63803}.Debug|Any CPU.ActiveCfg = Debug|Any CPU
		{805A4A3B-50A2-46BF-B29C-774EB9F63803}.Debug|Any CPU.Build.0 = Debug|Any CPU
		{805A4A3B-50A2-46BF-B29C-774EB9F63803}.Release|Any CPU.ActiveCfg = Release|Any CPU
		{805A4A3B-50A2-46BF-B29C-774EB9F63803}.Release|Any CPU.Build.0 = Release|Any CPU
		{A9EAB020-30C3-4C36-BEB5-8E835B4950CD}.Debug|Any CPU.ActiveCfg = Debug|Any CPU
		{A9EAB020-30C3-4C36-BEB5-8E835B4950CD}.Debug|Any CPU.Build.0 = Debug|Any CPU
		{A9EAB020-30C3-4C36-BEB5-8E835B4950CD}.Release|Any CPU.ActiveCfg = Release|Any CPU
		{A9EAB020-30C3-4C36-BEB5-8E835B4950CD}.Release|Any CPU.Build.0 = Release|Any CPU
	EndGlobalSection
	GlobalSection(NestedProjects) = preSolution
		{C05BED86-97F0-4A13-B712-ECB9039CF017} = {026FBF2F-3044-487F-9355-1B2D4E1043A9}
		{D0F75CF1-0294-4F84-8DEC-A894185EFFE6} = {C05BED86-97F0-4A13-B712-ECB9039CF017}
		{7705AAB3-5CEA-407B-92AC-A1A695D45E4D} = {026FBF2F-3044-487F-9355-1B2D4E1043A9}
		{ABF8C894-66E6-4F3B-AC1D-EEAF32107D1D} = {7705AAB3-5CEA-407B-92AC-A1A695D45E4D}
		{EA988953-625A-48E2-B20C-7043437092E1} = {026FBF2F-3044-487F-9355-1B2D4E1043A9}
		{AEDEFDA3-C33A-4DD9-8A25-9A060B259AA5} = {EA988953-625A-48E2-B20C-7043437092E1}
		{BFCAB6EE-459A-4D64-9D61-18DB330F2188} = {EA988953-625A-48E2-B20C-7043437092E1}
		{9DCBB4C1-6139-422A-9D87-4767D5C33B54} = {026FBF2F-3044-487F-9355-1B2D4E1043A9}
		{18A32531-C83C-40D1-92C3-386704D4363B} = {9DCBB4C1-6139-422A-9D87-4767D5C33B54}
		{E2A654DC-2E54-464C-B898-2296BE1B5B9D} = {9DCBB4C1-6139-422A-9D87-4767D5C33B54}
		{C5F995B2-B632-4DFF-B3ED-9E19BF125416} = {9DCBB4C1-6139-422A-9D87-4767D5C33B54}
		{25BFE8B7-0053-46FA-B157-9D8303E8215A} = {9DCBB4C1-6139-422A-9D87-4767D5C33B54}
		{3C076FE0-6441-4741-B610-B0DF007763C6} = {353129A5-FDAC-4996-968D-2239DFA1759A}
		{805A4A3B-50A2-46BF-B29C-774EB9F63803} = {6AC0B044-150D-4CA2-BA65-A8EA86810847}
		{A9EAB020-30C3-4C36-BEB5-8E835B4950CD} = {D10E2C13-E5B2-4BFF-8A10-8A1374797677}
	EndGlobalSection
EndGlobal
